
Microsoft Visual Studio Solution File, Format Version 12.00
# Visual Studio Version 17
VisualStudioVersion = 17.7.34024.191
MinimumVisualStudioVersion = 10.0.40219.1
Project("{9A19103F-16F7-4668-BE54-9A1E7A4F7556}") = "JITCATLOG.WEBUI", "JITCATLOG.WEBUI\JITCATLOG.WEBUI.csproj", "{89B81691-01EC-468C-AE8E-4354CFFF07C9}"
EndProject
Project("{9A19103F-16F7-4668-BE54-9A1E7A4F7556}") = "JITCATALOG.APPLICATION", "JITCATALOG.APPLICATION\JITCATALOG.APPLICATION.csproj", "{99B66BAF-D47D-4592-8AC8-21C99189A1A7}"
EndProject
Project("{9A19103F-16F7-4668-BE54-9A1E7A4F7556}") = "JITCATALOG.INFRASTRUCTURE", "JITCATALOG.INFRASTRUCTURE\JITCATALOG.INFRASTRUCTURE.csproj", "{6AE5C936-28BB-4856-8F48-6439557BAF07}"
EndProject
Project("{9A19103F-16F7-4668-BE54-9A1E7A4F7556}") = "JITCATALOG.DOMAIN", "JITCATALOG.DOMAIN\JITCATALOG.DOMAIN.csproj", "{1E06E6F2-0A4E-4E4F-81F5-C1FA7B44C229}"
EndProject
Project("{FAE04EC0-301F-11D3-BF4B-00C04F79EFBC}") = "JIT.OcelotGateway", "JIT.OcelotGateway\JIT.OcelotGateway.csproj", "{F442836B-336C-493F-98DF-AE114456ED34}"
EndProject
Global
	GlobalSection(SolutionConfigurationPlatforms) = preSolution
		Debug|Any CPU = Debug|Any CPU
		Release|Any CPU = Release|Any CPU
	EndGlobalSection
	GlobalSection(ProjectConfigurationPlatforms) = postSolution
		{89B81691-01EC-468C-AE8E-4354CFFF07C9}.Debug|Any CPU.ActiveCfg = Debug|Any CPU
		{89B81691-01EC-468C-AE8E-4354CFFF07C9}.Debug|Any CPU.Build.0 = Debug|Any CPU
		{89B81691-01EC-468C-AE8E-4354CFFF07C9}.Release|Any CPU.ActiveCfg = Release|Any CPU
		{89B81691-01EC-468C-AE8E-4354CFFF07C9}.Release|Any CPU.Build.0 = Release|Any CPU
		{99B66BAF-D47D-4592-8AC8-21C99189A1A7}.Debug|Any CPU.ActiveCfg = Debug|Any CPU
		{99B66BAF-D47D-4592-8AC8-21C99189A1A7}.Debug|Any CPU.Build.0 = Debug|Any CPU
		{99B66BAF-D47D-4592-8AC8-21C99189A1A7}.Release|Any CPU.ActiveCfg = Release|Any CPU
		{99B66BAF-D47D-4592-8AC8-21C99189A1A7}.Release|Any CPU.Build.0 = Release|Any CPU
		{6AE5C936-28BB-4856-8F48-6439557BAF07}.Debug|Any CPU.ActiveCfg = Debug|Any CPU
		{6AE5C936-28BB-4856-8F48-6439557BAF07}.Debug|Any CPU.Build.0 = Debug|Any CPU
		{6AE5C936-28BB-4856-8F48-6439557BAF07}.Release|Any CPU.ActiveCfg = Release|Any CPU
		{6AE5C936-28BB-4856-8F48-6439557BAF07}.Release|Any CPU.Build.0 = Release|Any CPU
		{1E06E6F2-0A4E-4E4F-81F5-C1FA7B44C229}.Debug|Any CPU.ActiveCfg = Debug|Any CPU
		{1E06E6F2-0A4E-4E4F-81F5-C1FA7B44C229}.Debug|Any CPU.Build.0 = Debug|Any CPU
		{1E06E6F2-0A4E-4E4F-81F5-C1FA7B44C229}.Release|Any CPU.ActiveCfg = Release|Any CPU
		{1E06E6F2-0A4E-4E4F-81F5-C1FA7B44C229}.Release|Any CPU.Build.0 = Release|Any CPU
		{F442836B-336C-493F-98DF-AE114456ED34}.Debug|Any CPU.ActiveCfg = Debug|Any CPU
		{F442836B-336C-493F-98DF-AE114456ED34}.Debug|Any CPU.Build.0 = Debug|Any CPU
		{F442836B-336C-493F-98DF-AE114456ED34}.Release|Any CPU.ActiveCfg = Release|Any CPU
		{F442836B-336C-493F-98DF-AE114456ED34}.Release|Any CPU.Build.0 = Release|Any CPU
	EndGlobalSection
	GlobalSection(SolutionProperties) = preSolution
		HideSolutionNode = FALSE
	EndGlobalSection
	GlobalSection(ExtensibilityGlobals) = postSolution
		SolutionGuid = {BFC43A63-40D9-41EA-8A73-868654B40342}
	EndGlobalSection
EndGlobal
